# This file is automatically @generated by Cargo.
# It is not intended for manual editing.
version = 4

[[package]]
name = "fundamentals-01-toolchain-cargo-and-hello-world"
version = "0.1.0"

[[package]]
name = "fundamentals-02-variables-data-types-and-functions"
version = "0.1.0"

[[package]]
name = "fundamentals-03-control-flow"
version = "0.1.0"

[[package]]
name = "fundamentals-04-ownership-and-borrowing"
version = "0.1.0"

[[package]]
name = "fundamentals-05-the-slice-type-and-str"
version = "0.1.0"

[[package]]
name = "fundamentals-06-structs-and-methods"
version = "0.1.0"

[[package]]
name = "fundamentals-07-enums-and-pattern-matching"
version = "0.1.0"

[[package]]
name = "fundamentals-08-packages-crates-and-modules"
version = "0.1.0"

[[package]]
name = "fundamentals-09-common-collections"
version = "0.1.0"

[[package]]
name = "fundamentals-10-error-handling"
version = "0.1.0"

[[package]]
name = "intermediate-01-generics-traits-and-lifetimes"
version = "0.1.0"

[[package]]
name = "intermediate-02-testing-and-project-organization"
version = "0.1.0"

[[package]]
name = "intermediate-03-cli-io-project"
version = "0.1.0"

[[package]]
name = "intermediate-04-closures-and-iterators"
version = "0.1.0"
