# This file is automatically @generated by Cargo.
# It is not intended for manual editing.
version = 4

[[package]]
name = "fundamentals-01-toolchain-cargo-and-hello-world"
version = "0.1.0"

[[package]]
name = "fundamentals-02-variables-data-types-and-functions"
version = "0.1.0"

[[package]]
name = "fundamentals-03-control-flow"
version = "0.1.0"

[[package]]
name = "fundamentals-04-ownership-and-borrowing"
version = "0.1.0"
